
Microsoft Visual Studio Solution File, Format Version 12.00
# Visual Studio 2012
Project("{FAE04EC0-301F-11D3-BF4B-00C04F79EFBC}") = "StartAndStopTriggerAcquisition", "StartAndStopTriggerAcquisition\StartAndStopTriggerAcquisition.csproj", "{586C022A-ED9C-414A-A671-4607AC44BB75}"
EndProject
Global
	GlobalSection(SolutionConfigurationPlatforms) = preSolution
		Debug|Any CPU = Debug|Any CPU
		Release|Any CPU = Release|Any CPU
	EndGlobalSection
	GlobalSection(ProjectConfigurationPlatforms) = postSolution
		{586C022A-ED9C-414A-A671-4607AC44BB75}.Debug|Any CPU.ActiveCfg = Debug|Any CPU
		{586C022A-ED9C-414A-A671-4607AC44BB75}.Debug|Any CPU.Build.0 = Debug|Any CPU
		{586C022A-ED9C-414A-A671-4607AC44BB75}.Release|Any CPU.ActiveCfg = Release|Any CPU
		{586C022A-ED9C-414A-A671-4607AC44BB75}.Release|Any CPU.Build.0 = Release|Any CPU
	EndGlobalSection
	GlobalSection(SolutionProperties) = preSolution
		HideSolutionNode = FALSE
	EndGlobalSection
EndGlobal
